PODS:
  - Capacitor (5.4.2):
    - CapacitorCordova
  - CapacitorCordova (5.4.2)
  - CapacitorLocalNotifications (5.0.6):
    - Capacitor

DEPENDENCIES:
  - "Capacitor (from `../../node_modules/@capacitor/ios`)"
  - "CapacitorCordova (from `../../node_modules/@capacitor/ios`)"
  - "CapacitorLocalNotifications (from `../../node_modules/@capacitor/local-notifications`)"

EXTERNAL SOURCES:
  Capacitor:
    :path: "../../node_modules/@capacitor/ios"
  CapacitorCordova:
    :path: "../../node_modules/@capacitor/ios"
  CapacitorLocalNotifications:
    :path: "../../node_modules/@capacitor/local-notifications"

SPEC CHECKSUMS:
  Capacitor: 8a9db42d105f55843cd8ed2a3cb54e2b78e7f102
  CapacitorCordova: cfcc06b698481da655415985eeb2b8da363f8451
  CapacitorLocalNotifications: c2d8b14794064fd4814b1d6c4ddbac8029afa295

PODFILE CHECKSUM: ebad960a89338272a70f0d4ccdcc711b0a005ad4

COCOAPODS: 1.13.0
